// !$*UTF8*$!
{
	archiveVersion = 1;
	classes = {
	};
	objectVersion = 55;
	objects = {

/* Begin PBXBuildFile section */
		81153CE928630F6200407980 /* 17478. 재귀함수가 뭔가요?.cpp in Sources */ = {isa = PBXBuildFile; fileRef = 81153CE828630F6200407980 /* 17478. 재귀함수가 뭔가요?.cpp */; };
		81153CFF286314E700407980 /* 2839. 설탕 배달.cpp in Sources */ = {isa = PBXBuildFile; fileRef = 81153CFE286314E700407980 /* 2839. 설탕 배달.cpp */; };
/* End PBXBuildFile section */

/* Begin PBXCopyFilesBuildPhase section */
		81153CE428630F6200407980 /* CopyFiles */ = {
			isa = PBXCopyFilesBuildPhase;
			buildActionMask = 2147483647;
			dstPath = /usr/share/man/man1/;
			dstSubfolderSpec = 0;
			files = (
			);
			runOnlyForDeploymentPostprocessing = 1;
		};
		81153CFA286314E700407980 /* CopyFiles */ = {
			isa = PBXCopyFilesBuildPhase;
			buildActionMask = 2147483647;
			dstPath = /usr/share/man/man1/;
			dstSubfolderSpec = 0;
			files = (
			);
			runOnlyForDeploymentPostprocessing = 1;
		};
/* End PBXCopyFilesBuildPhase section */

/* Begin PBXFileReference section */
		81153CE628630F6200407980 /* 17478. 재귀함수가 뭔가요? */ = {isa = PBXFileReference; explicitFileType = "compiled.mach-o.executable"; includeInIndex = 0; path = "17478. 재귀함수가 뭔가요?"; sourceTree = BUILT_PRODUCTS_DIR; };
		81153CE828630F6200407980 /* 17478. 재귀함수가 뭔가요?.cpp */ = {isa = PBXFileReference; lastKnownFileType = sourcecode.cpp.cpp; name = "17478. 재귀함수가 뭔가요?.cpp"; path = "17478. 재귀함수가 뭔가요?/17478. 재귀함수가 뭔가요?.cpp"; sourceTree = SOURCE_ROOT; };
		81153CFC286314E700407980 /* 2839. 설탕 배달 */ = {isa = PBXFileReference; explicitFileType = "compiled.mach-o.executable"; includeInIndex = 0; path = "2839. 설탕 배달"; sourceTree = BUILT_PRODUCTS_DIR; };
		81153CFE286314E700407980 /* 2839. 설탕 배달.cpp */ = {isa = PBXFileReference; lastKnownFileType = sourcecode.cpp.cpp; name = "2839. 설탕 배달.cpp"; path = "2839. 설탕 배달/2839. 설탕 배달.cpp"; sourceTree = SOURCE_ROOT; };
/* End PBXFileReference section */

/* Begin PBXFrameworksBuildPhase section */
		81153CE328630F6200407980 /* Frameworks */ = {
			isa = PBXFrameworksBuildPhase;
			buildActionMask = 2147483647;
			files = (
			);
			runOnlyForDeploymentPostprocessing = 0;
		};
		81153CF9286314E700407980 /* Frameworks */ = {
			isa = PBXFrameworksBuildPhase;
			buildActionMask = 2147483647;
			files = (
			);
			runOnlyForDeploymentPostprocessing = 0;
		};
/* End PBXFrameworksBuildPhase section */

/* Begin PBXGroup section */
		81153CE728630F6200407980 /* 17478. 재귀함수가 뭔가요? */ = {
			isa = PBXGroup;
			children = (
				81153CE828630F6200407980 /* 17478. 재귀함수가 뭔가요?.cpp */,
			);
			path = "17478. 재귀함수가 뭔가요?";
			sourceTree = "<group>";
		};
		81153CFD286314E700407980 /* 2839. 설탕 배달 */ = {
			isa = PBXGroup;
			children = (
				81153CFE286314E700407980 /* 2839. 설탕 배달.cpp */,
			);
			path = "2839. 설탕 배달";
			sourceTree = "<group>";
		};
		81168FDC2862E46900C34FCF = {
			isa = PBXGroup;
			children = (
				81153CE728630F6200407980 /* 17478. 재귀함수가 뭔가요? */,
				81153CFD286314E700407980 /* 2839. 설탕 배달 */,
				81168FE62862E46900C34FCF /* Products */,
			);
			sourceTree = "<group>";
		};
		81168FE62862E46900C34FCF /* Products */ = {
			isa = PBXGroup;
			children = (
				81153CE628630F6200407980 /* 17478. 재귀함수가 뭔가요? */,
				81153CFC286314E700407980 /* 2839. 설탕 배달 */,
			);
			name = Products;
			sourceTree = "<group>";
		};
/* End PBXGroup section */

/* Begin PBXNativeTarget section */
		81153CE528630F6200407980 /* 17478. 재귀함수가 뭔가요? */ = {
			isa = PBXNativeTarget;
			buildConfigurationList = 81153CEC28630F6200407980 /* Build configuration list for PBXNativeTarget "17478. 재귀함수가 뭔가요?" */;
			buildPhases = (
				81153CE228630F6200407980 /* Sources */,
				81153CE328630F6200407980 /* Frameworks */,
				81153CE428630F6200407980 /* CopyFiles */,
			);
			buildRules = (
			);
			dependencies = (
			);
			name = "17478. 재귀함수가 뭔가요?";
			productName = "17478. 재귀함수가 뭔가요?";
			productReference = 81153CE628630F6200407980 /* 17478. 재귀함수가 뭔가요? */;
			productType = "com.apple.product-type.tool";
		};
		81153CFB286314E700407980 /* 2839. 설탕 배달 */ = {
			isa = PBXNativeTarget;
			buildConfigurationList = 81153D02286314E700407980 /* Build configuration list for PBXNativeTarget "2839. 설탕 배달" */;
			buildPhases = (
				81153CF8286314E700407980 /* Sources */,
				81153CF9286314E700407980 /* Frameworks */,
				81153CFA286314E700407980 /* CopyFiles */,
			);
			buildRules = (
			);
			dependencies = (
			);
			name = "2839. 설탕 배달";
			productName = "2839. 설탕 배달";
			productReference = 81153CFC286314E700407980 /* 2839. 설탕 배달 */;
			productType = "com.apple.product-type.tool";
		};
/* End PBXNativeTarget section */

/* Begin PBXProject section */
		81168FDD2862E46900C34FCF /* Project object */ = {
			isa = PBXProject;
			attributes = {
				BuildIndependentTargetsInParallel = 1;
				LastUpgradeCheck = 1340;
				TargetAttributes = {
					81153CE528630F6200407980 = {
						CreatedOnToolsVersion = 13.4.1;
					};
					81153CFB286314E700407980 = {
						CreatedOnToolsVersion = 13.4.1;
					};
				};
			};
			buildConfigurationList = 81168FE02862E46900C34FCF /* Build configuration list for PBXProject "BOJ" */;
			compatibilityVersion = "Xcode 13.0";
			developmentRegion = en;
			hasScannedForEncodings = 0;
			knownRegions = (
				en,
				Base,
			);
			mainGroup = 81168FDC2862E46900C34FCF;
			productRefGroup = 81168FE62862E46900C34FCF /* Products */;
			projectDirPath = "";
			projectRoot = "";
			targets = (
				81153CE528630F6200407980 /* 17478. 재귀함수가 뭔가요? */,
				81153CFB286314E700407980 /* 2839. 설탕 배달 */,
			);
		};
/* End PBXProject section */

/* Begin PBXSourcesBuildPhase section */
		81153CE228630F6200407980 /* Sources */ = {
			isa = PBXSourcesBuildPhase;
			buildActionMask = 2147483647;
			files = (
				81153CE928630F6200407980 /* 17478. 재귀함수가 뭔가요?.cpp in Sources */,
			);
			runOnlyForDeploymentPostprocessing = 0;
		};
		81153CF8286314E700407980 /* Sources */ = {
			isa = PBXSourcesBuildPhase;
			buildActionMask = 2147483647;
			files = (
				81153CFF286314E700407980 /* 2839. 설탕 배달.cpp in Sources */,
			);
			runOnlyForDeploymentPostprocessing = 0;
		};
/* End PBXSourcesBuildPhase section */

/* Begin XCBuildConfiguration section */
		81153CEA28630F6200407980 /* Debug */ = {
			isa = XCBuildConfiguration;
			buildSettings = {
				CODE_SIGN_STYLE = Automatic;
				PRODUCT_NAME = "$(TARGET_NAME)";
			};
			name = Debug;
		};
		81153CEB28630F6200407980 /* Release */ = {
			isa = XCBuildConfiguration;
			buildSettings = {
				CODE_SIGN_STYLE = Automatic;
				PRODUCT_NAME = "$(TARGET_NAME)";
			};
			name = Release;
		};
		81153D00286314E700407980 /* Debug */ = {
			isa = XCBuildConfiguration;
			buildSettings = {
				CODE_SIGN_STYLE = Automatic;
				PRODUCT_NAME = "$(TARGET_NAME)";
			};
			name = Debug;
		};
		81153D01286314E700407980 /* Release */ = {
			isa = XCBuildConfiguration;
			buildSettings = {
				CODE_SIGN_STYLE = Automatic;
				PRODUCT_NAME = "$(TARGET_NAME)";
			};
			name = Release;
		};
		81168FEA2862E46900C34FCF /* Debug */ = {
			isa = XCBuildConfiguration;
			buildSettings = {
				ALWAYS_SEARCH_USER_PATHS = NO;
				CLANG_ANALYZER_NONNULL = YES;
				CLANG_ANALYZER_NUMBER_OBJECT_CONVERSION = YES_AGGRESSIVE;
				CLANG_CXX_LANGUAGE_STANDARD = "gnu++17";
				CLANG_ENABLE_MODULES = YES;
				CLANG_ENABLE_OBJC_ARC = YES;
				CLANG_ENABLE_OBJC_WEAK = YES;
				CLANG_WARN_BLOCK_CAPTURE_AUTORELEASING = YES;
				CLANG_WARN_BOOL_CONVERSION = YES;
				CLANG_WARN_COMMA = YES;
				CLANG_WARN_CONSTANT_CONVERSION = YES;
				CLANG_WARN_DEPRECATED_OBJC_IMPLEMENTATIONS = YES;
				CLANG_WARN_DIRECT_OBJC_ISA_USAGE = YES_ERROR;
				CLANG_WARN_DOCUMENTATION_COMMENTS = YES;
				CLANG_WARN_EMPTY_BODY = YES;
				CLANG_WARN_ENUM_CONVERSION = YES;
				CLANG_WARN_INFINITE_RECURSION = YES;
				CLANG_WARN_INT_CONVERSION = YES;
				CLANG_WARN_NON_LITERAL_NULL_CONVERSION = YES;
				CLANG_WARN_OBJC_IMPLICIT_RETAIN_SELF = YES;
				CLANG_WARN_OBJC_LITERAL_CONVERSION = YES;
				CLANG_WARN_OBJC_ROOT_CLASS = YES_ERROR;
				CLANG_WARN_QUOTED_INCLUDE_IN_FRAMEWORK_HEADER = YES;
				CLANG_WARN_RANGE_LOOP_ANALYSIS = YES;
				CLANG_WARN_STRICT_PROTOTYPES = YES;
				CLANG_WARN_SUSPICIOUS_MOVE = YES;
				CLANG_WARN_UNGUARDED_AVAILABILITY = YES_AGGRESSIVE;
				CLANG_WARN_UNREACHABLE_CODE = YES;
				CLANG_WARN__DUPLICATE_METHOD_MATCH = YES;
				COPY_PHASE_STRIP = NO;
				DEBUG_INFORMATION_FORMAT = dwarf;
				ENABLE_STRICT_OBJC_MSGSEND = YES;
				ENABLE_TESTABILITY = YES;
				GCC_C_LANGUAGE_STANDARD = gnu11;
				GCC_DYNAMIC_NO_PIC = NO;
				GCC_NO_COMMON_BLOCKS = YES;
				GCC_OPTIMIZATION_LEVEL = 0;
				GCC_PREPROCESSOR_DEFINITIONS = (
					"DEBUG=1",
					"$(inherited)",
				);
				GCC_WARN_64_TO_32_BIT_CONVERSION = YES;
				GCC_WARN_ABOUT_RETURN_TYPE = YES_ERROR;
				GCC_WARN_UNDECLARED_SELECTOR = YES;
				GCC_WARN_UNINITIALIZED_AUTOS = YES_AGGRESSIVE;
				GCC_WARN_UNUSED_FUNCTION = YES;
				GCC_WARN_UNUSED_VARIABLE = YES;
				MACOSX_DEPLOYMENT_TARGET = 12.3;
				MTL_ENABLE_DEBUG_INFO = INCLUDE_SOURCE;
				MTL_FAST_MATH = YES;
				ONLY_ACTIVE_ARCH = YES;
				SDKROOT = macosx;
			};
			name = Debug;
		};
		81168FEB2862E46900C34FCF /* Release */ = {
			isa = XCBuildConfiguration;
			buildSettings = {
				ALWAYS_SEARCH_USER_PATHS = NO;
				CLANG_ANALYZER_NONNULL = YES;
				CLANG_ANALYZER_NUMBER_OBJECT_CONVERSION = YES_AGGRESSIVE;
				CLANG_CXX_LANGUAGE_STANDARD = "gnu++17";
				CLANG_ENABLE_MODULES = YES;
				CLANG_ENABLE_OBJC_ARC = YES;
				CLANG_ENABLE_OBJC_WEAK = YES;
				CLANG_WARN_BLOCK_CAPTURE_AUTORELEASING = YES;
				CLANG_WARN_BOOL_CONVERSION = YES;
				CLANG_WARN_COMMA = YES;
				CLANG_WARN_CONSTANT_CONVERSION = YES;
				CLANG_WARN_DEPRECATED_OBJC_IMPLEMENTATIONS = YES;
				CLANG_WARN_DIRECT_OBJC_ISA_USAGE = YES_ERROR;
				CLANG_WARN_DOCUMENTATION_COMMENTS = YES;
				CLANG_WARN_EMPTY_BODY = YES;
				CLANG_WARN_ENUM_CONVERSION = YES;
				CLANG_WARN_INFINITE_RECURSION = YES;
				CLANG_WARN_INT_CONVERSION = YES;
				CLANG_WARN_NON_LITERAL_NULL_CONVERSION = YES;
				CLANG_WARN_OBJC_IMPLICIT_RETAIN_SELF = YES;
				CLANG_WARN_OBJC_LITERAL_CONVERSION = YES;
				CLANG_WARN_OBJC_ROOT_CLASS = YES_ERROR;
				CLANG_WARN_QUOTED_INCLUDE_IN_FRAMEWORK_HEADER = YES;
				CLANG_WARN_RANGE_LOOP_ANALYSIS = YES;
				CLANG_WARN_STRICT_PROTOTYPES = YES;
				CLANG_WARN_SUSPICIOUS_MOVE = YES;
				CLANG_WARN_UNGUARDED_AVAILABILITY = YES_AGGRESSIVE;
				CLANG_WARN_UNREACHABLE_CODE = YES;
				CLANG_WARN__DUPLICATE_METHOD_MATCH = YES;
				COPY_PHASE_STRIP = NO;
				DEBUG_INFORMATION_FORMAT = "dwarf-with-dsym";
				ENABLE_NS_ASSERTIONS = NO;
				ENABLE_STRICT_OBJC_MSGSEND = YES;
				GCC_C_LANGUAGE_STANDARD = gnu11;
				GCC_NO_COMMON_BLOCKS = YES;
				GCC_WARN_64_TO_32_BIT_CONVERSION = YES;
				GCC_WARN_ABOUT_RETURN_TYPE = YES_ERROR;
				GCC_WARN_UNDECLARED_SELECTOR = YES;
				GCC_WARN_UNINITIALIZED_AUTOS = YES_AGGRESSIVE;
				GCC_WARN_UNUSED_FUNCTION = YES;
				GCC_WARN_UNUSED_VARIABLE = YES;
				MACOSX_DEPLOYMENT_TARGET = 12.3;
				MTL_ENABLE_DEBUG_INFO = NO;
				MTL_FAST_MATH = YES;
				SDKROOT = macosx;
			};
			name = Release;
		};
/* End XCBuildConfiguration section */

/* Begin XCConfigurationList section */
		81153CEC28630F6200407980 /* Build configuration list for PBXNativeTarget "17478. 재귀함수가 뭔가요?" */ = {
			isa = XCConfigurationList;
			buildConfigurations = (
				81153CEA28630F6200407980 /* Debug */,
				81153CEB28630F6200407980 /* Release */,
			);
			defaultConfigurationIsVisible = 0;
			defaultConfigurationName = Release;
		};
		81153D02286314E700407980 /* Build configuration list for PBXNativeTarget "2839. 설탕 배달" */ = {
			isa = XCConfigurationList;
			buildConfigurations = (
				81153D00286314E700407980 /* Debug */,
				81153D01286314E700407980 /* Release */,
			);
			defaultConfigurationIsVisible = 0;
			defaultConfigurationName = Release;
		};
		81168FE02862E46900C34FCF /* Build configuration list for PBXProject "BOJ" */ = {
			isa = XCConfigurationList;
			buildConfigurations = (
				81168FEA2862E46900C34FCF /* Debug */,
				81168FEB2862E46900C34FCF /* Release */,
			);
			defaultConfigurationIsVisible = 0;
			defaultConfigurationName = Release;
		};
/* End XCConfigurationList section */
	};
	rootObject = 81168FDD2862E46900C34FCF /* Project object */;
}
