// !$*UTF8*$!
{
	archiveVersion = 1;
	classes = {
	};
	objectVersion = 55;
	objects = {

/* Begin PBXBuildFile section */
		81153CE928630F6200407980 /* 17478. 재귀함수가 뭔가요?.cpp in Sources */ = {isa = PBXBuildFile; fileRef = 81153CE828630F6200407980 /* 17478. 재귀함수가 뭔가요?.cpp */; };
		81153CFF286314E700407980 /* 2839. 설탕 배달.cpp in Sources */ = {isa = PBXBuildFile; fileRef = 81153CFE286314E700407980 /* 2839. 설탕 배달.cpp */; };
		81153D0A286633D400407980 /* 4673. 셀프 넘버.cpp in Sources */ = {isa = PBXBuildFile; fileRef = 81153D09286633D400407980 /* 4673. 셀프 넘버.cpp */; };
		81153D15286654BA00407980 /* 1065. 한수.cpp in Sources */ = {isa = PBXBuildFile; fileRef = 81153D14286654BA00407980 /* 1065. 한수.cpp */; };
		813C44C528675C9D00D840D5 /* 2581. 소수.cpp in Sources */ = {isa = PBXBuildFile; fileRef = 813C44C428675C9D00D840D5 /* 2581. 소수.cpp */; };
		813C44D028676B5600D840D5 /* 1929. 소수 구하기.cpp in Sources */ = {isa = PBXBuildFile; fileRef = 813C44CF28676B5600D840D5 /* 1929. 소수 구하기.cpp */; };
		813C44FC286AAFC100D840D5 /* 1316. 그룹 단어 체커.cpp in Sources */ = {isa = PBXBuildFile; fileRef = 813C44FB286AAFC100D840D5 /* 1316. 그룹 단어 체커.cpp */; };
		813C4507286AC82500D840D5 /* 4948. 베르트랑 공준.cpp in Sources */ = {isa = PBXBuildFile; fileRef = 813C4506286AC82500D840D5 /* 4948. 베르트랑 공준.cpp */; };
		813C4512286AE4A200D840D5 /* 9020. 골드바흐의 추측.cpp in Sources */ = {isa = PBXBuildFile; fileRef = 813C4511286AE4A200D840D5 /* 9020. 골드바흐의 추측.cpp */; };
		813C45282873FCCC00D840D5 /* 2884. 알람 시계.cpp in Sources */ = {isa = PBXBuildFile; fileRef = 813C45272873FCCC00D840D5 /* 2884. 알람 시계.cpp */; };
		813C45332874029F00D840D5 /* 2798. 블랙잭.cpp in Sources */ = {isa = PBXBuildFile; fileRef = 813C45322874029F00D840D5 /* 2798. 블랙잭.cpp */; };
		813C453E28740CC200D840D5 /* 2231. 분해합.cpp in Sources */ = {isa = PBXBuildFile; fileRef = 813C453D28740CC200D840D5 /* 2231. 분해합.cpp */; };
		813C45492876FA4200D840D5 /* 10872. 팩토리얼.cpp in Sources */ = {isa = PBXBuildFile; fileRef = 813C45482876FA4200D840D5 /* 10872. 팩토리얼.cpp */; };
		813C4554287702C200D840D5 /* 11729. 하노이 탑 이동 순서.cpp in Sources */ = {isa = PBXBuildFile; fileRef = 813C4553287702C200D840D5 /* 11729. 하노이 탑 이동 순서.cpp */; };
		815152012866BF5500F8C083 /* 1978. 소수 찾기.cpp in Sources */ = {isa = PBXBuildFile; fileRef = 815152002866BF5500F8C083 /* 1978. 소수 찾기.cpp */; };
		8151520C2866DF0000F8C083 /* 11653. 소인수분해.cpp in Sources */ = {isa = PBXBuildFile; fileRef = 8151520B2866DF0000F8C083 /* 11653. 소인수분해.cpp */; };
/* End PBXBuildFile section */

/* Begin PBXCopyFilesBuildPhase section */
		81153CE428630F6200407980 /* CopyFiles */ = {
			isa = PBXCopyFilesBuildPhase;
			buildActionMask = 2147483647;
			dstPath = /usr/share/man/man1/;
			dstSubfolderSpec = 0;
			files = (
			);
			runOnlyForDeploymentPostprocessing = 1;
		};
		81153CFA286314E700407980 /* CopyFiles */ = {
			isa = PBXCopyFilesBuildPhase;
			buildActionMask = 2147483647;
			dstPath = /usr/share/man/man1/;
			dstSubfolderSpec = 0;
			files = (
			);
			runOnlyForDeploymentPostprocessing = 1;
		};
		81153D05286633D400407980 /* CopyFiles */ = {
			isa = PBXCopyFilesBuildPhase;
			buildActionMask = 2147483647;
			dstPath = /usr/share/man/man1/;
			dstSubfolderSpec = 0;
			files = (
			);
			runOnlyForDeploymentPostprocessing = 1;
		};
		81153D10286654BA00407980 /* CopyFiles */ = {
			isa = PBXCopyFilesBuildPhase;
			buildActionMask = 2147483647;
			dstPath = /usr/share/man/man1/;
			dstSubfolderSpec = 0;
			files = (
			);
			runOnlyForDeploymentPostprocessing = 1;
		};
		813C44C028675C9D00D840D5 /* CopyFiles */ = {
			isa = PBXCopyFilesBuildPhase;
			buildActionMask = 2147483647;
			dstPath = /usr/share/man/man1/;
			dstSubfolderSpec = 0;
			files = (
			);
			runOnlyForDeploymentPostprocessing = 1;
		};
		813C44CB28676B5600D840D5 /* CopyFiles */ = {
			isa = PBXCopyFilesBuildPhase;
			buildActionMask = 2147483647;
			dstPath = /usr/share/man/man1/;
			dstSubfolderSpec = 0;
			files = (
			);
			runOnlyForDeploymentPostprocessing = 1;
		};
		813C44F7286AAFC100D840D5 /* CopyFiles */ = {
			isa = PBXCopyFilesBuildPhase;
			buildActionMask = 2147483647;
			dstPath = /usr/share/man/man1/;
			dstSubfolderSpec = 0;
			files = (
			);
			runOnlyForDeploymentPostprocessing = 1;
		};
		813C4502286AC82500D840D5 /* CopyFiles */ = {
			isa = PBXCopyFilesBuildPhase;
			buildActionMask = 2147483647;
			dstPath = /usr/share/man/man1/;
			dstSubfolderSpec = 0;
			files = (
			);
			runOnlyForDeploymentPostprocessing = 1;
		};
		813C450D286AE4A200D840D5 /* CopyFiles */ = {
			isa = PBXCopyFilesBuildPhase;
			buildActionMask = 2147483647;
			dstPath = /usr/share/man/man1/;
			dstSubfolderSpec = 0;
			files = (
			);
			runOnlyForDeploymentPostprocessing = 1;
		};
		813C45232873FCCC00D840D5 /* CopyFiles */ = {
			isa = PBXCopyFilesBuildPhase;
			buildActionMask = 2147483647;
			dstPath = /usr/share/man/man1/;
			dstSubfolderSpec = 0;
			files = (
			);
			runOnlyForDeploymentPostprocessing = 1;
		};
		813C452E2874029F00D840D5 /* CopyFiles */ = {
			isa = PBXCopyFilesBuildPhase;
			buildActionMask = 2147483647;
			dstPath = /usr/share/man/man1/;
			dstSubfolderSpec = 0;
			files = (
			);
			runOnlyForDeploymentPostprocessing = 1;
		};
		813C453928740CC200D840D5 /* CopyFiles */ = {
			isa = PBXCopyFilesBuildPhase;
			buildActionMask = 2147483647;
			dstPath = /usr/share/man/man1/;
			dstSubfolderSpec = 0;
			files = (
			);
			runOnlyForDeploymentPostprocessing = 1;
		};
		813C45442876FA4200D840D5 /* CopyFiles */ = {
			isa = PBXCopyFilesBuildPhase;
			buildActionMask = 2147483647;
			dstPath = /usr/share/man/man1/;
			dstSubfolderSpec = 0;
			files = (
			);
			runOnlyForDeploymentPostprocessing = 1;
		};
		813C454F287702C200D840D5 /* CopyFiles */ = {
			isa = PBXCopyFilesBuildPhase;
			buildActionMask = 2147483647;
			dstPath = /usr/share/man/man1/;
			dstSubfolderSpec = 0;
			files = (
			);
			runOnlyForDeploymentPostprocessing = 1;
		};
		815151FC2866BF5500F8C083 /* CopyFiles */ = {
			isa = PBXCopyFilesBuildPhase;
			buildActionMask = 2147483647;
			dstPath = /usr/share/man/man1/;
			dstSubfolderSpec = 0;
			files = (
			);
			runOnlyForDeploymentPostprocessing = 1;
		};
		815152072866DF0000F8C083 /* CopyFiles */ = {
			isa = PBXCopyFilesBuildPhase;
			buildActionMask = 2147483647;
			dstPath = /usr/share/man/man1/;
			dstSubfolderSpec = 0;
			files = (
			);
			runOnlyForDeploymentPostprocessing = 1;
		};
/* End PBXCopyFilesBuildPhase section */

/* Begin PBXFileReference section */
		81153CE628630F6200407980 /* 17478. 재귀함수가 뭔가요? */ = {isa = PBXFileReference; explicitFileType = "compiled.mach-o.executable"; includeInIndex = 0; path = "17478. 재귀함수가 뭔가요?"; sourceTree = BUILT_PRODUCTS_DIR; };
		81153CE828630F6200407980 /* 17478. 재귀함수가 뭔가요?.cpp */ = {isa = PBXFileReference; lastKnownFileType = sourcecode.cpp.cpp; name = "17478. 재귀함수가 뭔가요?.cpp"; path = "17478. 재귀함수가 뭔가요?/17478. 재귀함수가 뭔가요?.cpp"; sourceTree = SOURCE_ROOT; };
		81153CFC286314E700407980 /* 2839. 설탕 배달 */ = {isa = PBXFileReference; explicitFileType = "compiled.mach-o.executable"; includeInIndex = 0; path = "2839. 설탕 배달"; sourceTree = BUILT_PRODUCTS_DIR; };
		81153CFE286314E700407980 /* 2839. 설탕 배달.cpp */ = {isa = PBXFileReference; lastKnownFileType = sourcecode.cpp.cpp; name = "2839. 설탕 배달.cpp"; path = "2839. 설탕 배달/2839. 설탕 배달.cpp"; sourceTree = SOURCE_ROOT; };
		81153D07286633D400407980 /* 4673. 셀프 넘버 */ = {isa = PBXFileReference; explicitFileType = "compiled.mach-o.executable"; includeInIndex = 0; path = "4673. 셀프 넘버"; sourceTree = BUILT_PRODUCTS_DIR; };
		81153D09286633D400407980 /* 4673. 셀프 넘버.cpp */ = {isa = PBXFileReference; lastKnownFileType = sourcecode.cpp.cpp; name = "4673. 셀프 넘버.cpp"; path = "4673. 셀프 넘버/4673. 셀프 넘버.cpp"; sourceTree = SOURCE_ROOT; };
		81153D12286654BA00407980 /* 1065. 한수 */ = {isa = PBXFileReference; explicitFileType = "compiled.mach-o.executable"; includeInIndex = 0; path = "1065. 한수"; sourceTree = BUILT_PRODUCTS_DIR; };
		81153D14286654BA00407980 /* 1065. 한수.cpp */ = {isa = PBXFileReference; lastKnownFileType = sourcecode.cpp.cpp; name = "1065. 한수.cpp"; path = "1065. 한수/1065. 한수.cpp"; sourceTree = SOURCE_ROOT; };
		813C44C228675C9D00D840D5 /* 2581. 소수 */ = {isa = PBXFileReference; explicitFileType = "compiled.mach-o.executable"; includeInIndex = 0; path = "2581. 소수"; sourceTree = BUILT_PRODUCTS_DIR; };
		813C44C428675C9D00D840D5 /* 2581. 소수.cpp */ = {isa = PBXFileReference; lastKnownFileType = sourcecode.cpp.cpp; name = "2581. 소수.cpp"; path = "2581. 소수/2581. 소수.cpp"; sourceTree = SOURCE_ROOT; };
		813C44CD28676B5600D840D5 /* 1929. 소수 구하기 */ = {isa = PBXFileReference; explicitFileType = "compiled.mach-o.executable"; includeInIndex = 0; path = "1929. 소수 구하기"; sourceTree = BUILT_PRODUCTS_DIR; };
		813C44CF28676B5600D840D5 /* 1929. 소수 구하기.cpp */ = {isa = PBXFileReference; lastKnownFileType = sourcecode.cpp.cpp; name = "1929. 소수 구하기.cpp"; path = "1929. 소수 구하기/1929. 소수 구하기.cpp"; sourceTree = SOURCE_ROOT; };
		813C44F9286AAFC100D840D5 /* 1316. 그룹 단어 체커 */ = {isa = PBXFileReference; explicitFileType = "compiled.mach-o.executable"; includeInIndex = 0; path = "1316. 그룹 단어 체커"; sourceTree = BUILT_PRODUCTS_DIR; };
		813C44FB286AAFC100D840D5 /* 1316. 그룹 단어 체커.cpp */ = {isa = PBXFileReference; lastKnownFileType = sourcecode.cpp.cpp; name = "1316. 그룹 단어 체커.cpp"; path = "1316. 그룹 단어 체커/1316. 그룹 단어 체커.cpp"; sourceTree = SOURCE_ROOT; };
		813C4504286AC82500D840D5 /* 4948. 베르트랑 공준 */ = {isa = PBXFileReference; explicitFileType = "compiled.mach-o.executable"; includeInIndex = 0; path = "4948. 베르트랑 공준"; sourceTree = BUILT_PRODUCTS_DIR; };
		813C4506286AC82500D840D5 /* 4948. 베르트랑 공준.cpp */ = {isa = PBXFileReference; lastKnownFileType = sourcecode.cpp.cpp; name = "4948. 베르트랑 공준.cpp"; path = "4948. 베르트랑 공준/4948. 베르트랑 공준.cpp"; sourceTree = SOURCE_ROOT; };
		813C450F286AE4A200D840D5 /* 9020. 골드바흐의 추측 */ = {isa = PBXFileReference; explicitFileType = "compiled.mach-o.executable"; includeInIndex = 0; path = "9020. 골드바흐의 추측"; sourceTree = BUILT_PRODUCTS_DIR; };
		813C4511286AE4A200D840D5 /* 9020. 골드바흐의 추측.cpp */ = {isa = PBXFileReference; lastKnownFileType = sourcecode.cpp.cpp; name = "9020. 골드바흐의 추측.cpp"; path = "9020. 골드바흐의 추측/9020. 골드바흐의 추측.cpp"; sourceTree = SOURCE_ROOT; };
		813C45252873FCCC00D840D5 /* 2884. 알람 시계 */ = {isa = PBXFileReference; explicitFileType = "compiled.mach-o.executable"; includeInIndex = 0; path = "2884. 알람 시계"; sourceTree = BUILT_PRODUCTS_DIR; };
		813C45272873FCCC00D840D5 /* 2884. 알람 시계.cpp */ = {isa = PBXFileReference; lastKnownFileType = sourcecode.cpp.cpp; name = "2884. 알람 시계.cpp"; path = "2884. 알람 시계/2884. 알람 시계.cpp"; sourceTree = SOURCE_ROOT; };
		813C45302874029F00D840D5 /* 2798. 블랙잭 */ = {isa = PBXFileReference; explicitFileType = "compiled.mach-o.executable"; includeInIndex = 0; path = "2798. 블랙잭"; sourceTree = BUILT_PRODUCTS_DIR; };
		813C45322874029F00D840D5 /* 2798. 블랙잭.cpp */ = {isa = PBXFileReference; lastKnownFileType = sourcecode.cpp.cpp; name = "2798. 블랙잭.cpp"; path = "2798. 블랙잭/2798. 블랙잭.cpp"; sourceTree = SOURCE_ROOT; };
		813C453B28740CC200D840D5 /* 2231. 분해합 */ = {isa = PBXFileReference; explicitFileType = "compiled.mach-o.executable"; includeInIndex = 0; path = "2231. 분해합"; sourceTree = BUILT_PRODUCTS_DIR; };
		813C453D28740CC200D840D5 /* 2231. 분해합.cpp */ = {isa = PBXFileReference; lastKnownFileType = sourcecode.cpp.cpp; name = "2231. 분해합.cpp"; path = "2231. 분해합/2231. 분해합.cpp"; sourceTree = SOURCE_ROOT; };
		813C45462876FA4200D840D5 /* 10872. 팩토리얼 */ = {isa = PBXFileReference; explicitFileType = "compiled.mach-o.executable"; includeInIndex = 0; path = "10872. 팩토리얼"; sourceTree = BUILT_PRODUCTS_DIR; };
		813C45482876FA4200D840D5 /* 10872. 팩토리얼.cpp */ = {isa = PBXFileReference; lastKnownFileType = sourcecode.cpp.cpp; name = "10872. 팩토리얼.cpp"; path = "10872. 팩토리얼/10872. 팩토리얼.cpp"; sourceTree = SOURCE_ROOT; };
		813C4551287702C200D840D5 /* 11729. 하노이 탑 이동 순서 */ = {isa = PBXFileReference; explicitFileType = "compiled.mach-o.executable"; includeInIndex = 0; path = "11729. 하노이 탑 이동 순서"; sourceTree = BUILT_PRODUCTS_DIR; };
		813C4553287702C200D840D5 /* 11729. 하노이 탑 이동 순서.cpp */ = {isa = PBXFileReference; lastKnownFileType = sourcecode.cpp.cpp; name = "11729. 하노이 탑 이동 순서.cpp"; path = "11729. 하노이 탑 이동 순서/11729. 하노이 탑 이동 순서.cpp"; sourceTree = SOURCE_ROOT; };
		815151FE2866BF5500F8C083 /* 1978. 소수 찾기 */ = {isa = PBXFileReference; explicitFileType = "compiled.mach-o.executable"; includeInIndex = 0; path = "1978. 소수 찾기"; sourceTree = BUILT_PRODUCTS_DIR; };
		815152002866BF5500F8C083 /* 1978. 소수 찾기.cpp */ = {isa = PBXFileReference; lastKnownFileType = sourcecode.cpp.cpp; name = "1978. 소수 찾기.cpp"; path = "1978. 소수 찾기/1978. 소수 찾기.cpp"; sourceTree = SOURCE_ROOT; };
		815152092866DF0000F8C083 /* 11653. 소인수분해 */ = {isa = PBXFileReference; explicitFileType = "compiled.mach-o.executable"; includeInIndex = 0; path = "11653. 소인수분해"; sourceTree = BUILT_PRODUCTS_DIR; };
		8151520B2866DF0000F8C083 /* 11653. 소인수분해.cpp */ = {isa = PBXFileReference; lastKnownFileType = sourcecode.cpp.cpp; name = "11653. 소인수분해.cpp"; path = "11653. 소인수분해/11653. 소인수분해.cpp"; sourceTree = SOURCE_ROOT; };
/* End PBXFileReference section */

/* Begin PBXFrameworksBuildPhase section */
		81153CE328630F6200407980 /* Frameworks */ = {
			isa = PBXFrameworksBuildPhase;
			buildActionMask = 2147483647;
			files = (
			);
			runOnlyForDeploymentPostprocessing = 0;
		};
		81153CF9286314E700407980 /* Frameworks */ = {
			isa = PBXFrameworksBuildPhase;
			buildActionMask = 2147483647;
			files = (
			);
			runOnlyForDeploymentPostprocessing = 0;
		};
		81153D04286633D400407980 /* Frameworks */ = {
			isa = PBXFrameworksBuildPhase;
			buildActionMask = 2147483647;
			files = (
			);
			runOnlyForDeploymentPostprocessing = 0;
		};
		81153D0F286654BA00407980 /* Frameworks */ = {
			isa = PBXFrameworksBuildPhase;
			buildActionMask = 2147483647;
			files = (
			);
			runOnlyForDeploymentPostprocessing = 0;
		};
		813C44BF28675C9D00D840D5 /* Frameworks */ = {
			isa = PBXFrameworksBuildPhase;
			buildActionMask = 2147483647;
			files = (
			);
			runOnlyForDeploymentPostprocessing = 0;
		};
		813C44CA28676B5600D840D5 /* Frameworks */ = {
			isa = PBXFrameworksBuildPhase;
			buildActionMask = 2147483647;
			files = (
			);
			runOnlyForDeploymentPostprocessing = 0;
		};
		813C44F6286AAFC100D840D5 /* Frameworks */ = {
			isa = PBXFrameworksBuildPhase;
			buildActionMask = 2147483647;
			files = (
			);
			runOnlyForDeploymentPostprocessing = 0;
		};
		813C4501286AC82500D840D5 /* Frameworks */ = {
			isa = PBXFrameworksBuildPhase;
			buildActionMask = 2147483647;
			files = (
			);
			runOnlyForDeploymentPostprocessing = 0;
		};
		813C450C286AE4A200D840D5 /* Frameworks */ = {
			isa = PBXFrameworksBuildPhase;
			buildActionMask = 2147483647;
			files = (
			);
			runOnlyForDeploymentPostprocessing = 0;
		};
		813C45222873FCCC00D840D5 /* Frameworks */ = {
			isa = PBXFrameworksBuildPhase;
			buildActionMask = 2147483647;
			files = (
			);
			runOnlyForDeploymentPostprocessing = 0;
		};
		813C452D2874029F00D840D5 /* Frameworks */ = {
			isa = PBXFrameworksBuildPhase;
			buildActionMask = 2147483647;
			files = (
			);
			runOnlyForDeploymentPostprocessing = 0;
		};
		813C453828740CC200D840D5 /* Frameworks */ = {
			isa = PBXFrameworksBuildPhase;
			buildActionMask = 2147483647;
			files = (
			);
			runOnlyForDeploymentPostprocessing = 0;
		};
		813C45432876FA4200D840D5 /* Frameworks */ = {
			isa = PBXFrameworksBuildPhase;
			buildActionMask = 2147483647;
			files = (
			);
			runOnlyForDeploymentPostprocessing = 0;
		};
		813C454E287702C200D840D5 /* Frameworks */ = {
			isa = PBXFrameworksBuildPhase;
			buildActionMask = 2147483647;
			files = (
			);
			runOnlyForDeploymentPostprocessing = 0;
		};
		815151FB2866BF5500F8C083 /* Frameworks */ = {
			isa = PBXFrameworksBuildPhase;
			buildActionMask = 2147483647;
			files = (
			);
			runOnlyForDeploymentPostprocessing = 0;
		};
		815152062866DF0000F8C083 /* Frameworks */ = {
			isa = PBXFrameworksBuildPhase;
			buildActionMask = 2147483647;
			files = (
			);
			runOnlyForDeploymentPostprocessing = 0;
		};
/* End PBXFrameworksBuildPhase section */

/* Begin PBXGroup section */
		81153CE728630F6200407980 /* 17478. 재귀함수가 뭔가요? */ = {
			isa = PBXGroup;
			children = (
				81153CE828630F6200407980 /* 17478. 재귀함수가 뭔가요?.cpp */,
			);
			path = "17478. 재귀함수가 뭔가요?";
			sourceTree = "<group>";
		};
		81153CFD286314E700407980 /* 2839. 설탕 배달 */ = {
			isa = PBXGroup;
			children = (
				81153CFE286314E700407980 /* 2839. 설탕 배달.cpp */,
			);
			path = "2839. 설탕 배달";
			sourceTree = "<group>";
		};
		81153D08286633D400407980 /* 4673. 셀프 넘버 */ = {
			isa = PBXGroup;
			children = (
				81153D09286633D400407980 /* 4673. 셀프 넘버.cpp */,
			);
			path = "4673. 셀프 넘버";
			sourceTree = "<group>";
		};
		81153D13286654BA00407980 /* 1065. 한수 */ = {
			isa = PBXGroup;
			children = (
				81153D14286654BA00407980 /* 1065. 한수.cpp */,
			);
			path = "1065. 한수";
			sourceTree = "<group>";
		};
		81168FDC2862E46900C34FCF = {
			isa = PBXGroup;
			children = (
				81153CE728630F6200407980 /* 17478. 재귀함수가 뭔가요? */,
				81153CFD286314E700407980 /* 2839. 설탕 배달 */,
				81153D08286633D400407980 /* 4673. 셀프 넘버 */,
				81153D13286654BA00407980 /* 1065. 한수 */,
				815151FF2866BF5500F8C083 /* 1978. 소수 찾기 */,
				8151520A2866DF0000F8C083 /* 11653. 소인수분해 */,
				813C44C328675C9D00D840D5 /* 2581. 소수 */,
				813C44CE28676B5600D840D5 /* 1929. 소수 구하기 */,
				813C44FA286AAFC100D840D5 /* 1316. 그룹 단어 체커 */,
				813C4505286AC82500D840D5 /* 4948. 베르트랑 공준 */,
				813C4510286AE4A200D840D5 /* 9020. 골드바흐의 추측 */,
				813C45262873FCCC00D840D5 /* 2884. 알람 시계 */,
				813C45312874029F00D840D5 /* 2798. 블랙잭 */,
				813C453C28740CC200D840D5 /* 2231. 분해합 */,
				813C45472876FA4200D840D5 /* 10872. 팩토리얼 */,
				813C4552287702C200D840D5 /* 11729. 하노이 탑 이동 순서 */,
				81168FE62862E46900C34FCF /* Products */,
			);
			sourceTree = "<group>";
		};
		81168FE62862E46900C34FCF /* Products */ = {
			isa = PBXGroup;
			children = (
				81153CE628630F6200407980 /* 17478. 재귀함수가 뭔가요? */,
				81153CFC286314E700407980 /* 2839. 설탕 배달 */,
				81153D07286633D400407980 /* 4673. 셀프 넘버 */,
				81153D12286654BA00407980 /* 1065. 한수 */,
				815151FE2866BF5500F8C083 /* 1978. 소수 찾기 */,
				815152092866DF0000F8C083 /* 11653. 소인수분해 */,
				813C44C228675C9D00D840D5 /* 2581. 소수 */,
				813C44CD28676B5600D840D5 /* 1929. 소수 구하기 */,
				813C44F9286AAFC100D840D5 /* 1316. 그룹 단어 체커 */,
				813C4504286AC82500D840D5 /* 4948. 베르트랑 공준 */,
				813C450F286AE4A200D840D5 /* 9020. 골드바흐의 추측 */,
				813C45252873FCCC00D840D5 /* 2884. 알람 시계 */,
				813C45302874029F00D840D5 /* 2798. 블랙잭 */,
				813C453B28740CC200D840D5 /* 2231. 분해합 */,
				813C45462876FA4200D840D5 /* 10872. 팩토리얼 */,
				813C4551287702C200D840D5 /* 11729. 하노이 탑 이동 순서 */,
			);
			name = Products;
			sourceTree = "<group>";
		};
		813C44C328675C9D00D840D5 /* 2581. 소수 */ = {
			isa = PBXGroup;
			children = (
				813C44C428675C9D00D840D5 /* 2581. 소수.cpp */,
			);
			path = "2581. 소수";
			sourceTree = "<group>";
		};
		813C44CE28676B5600D840D5 /* 1929. 소수 구하기 */ = {
			isa = PBXGroup;
			children = (
				813C44CF28676B5600D840D5 /* 1929. 소수 구하기.cpp */,
			);
			path = "1929. 소수 구하기";
			sourceTree = "<group>";
		};
		813C44FA286AAFC100D840D5 /* 1316. 그룹 단어 체커 */ = {
			isa = PBXGroup;
			children = (
				813C44FB286AAFC100D840D5 /* 1316. 그룹 단어 체커.cpp */,
			);
			path = "1316. 그룹 단어 체커";
			sourceTree = "<group>";
		};
		813C4505286AC82500D840D5 /* 4948. 베르트랑 공준 */ = {
			isa = PBXGroup;
			children = (
				813C4506286AC82500D840D5 /* 4948. 베르트랑 공준.cpp */,
			);
			path = "4948. 베르트랑 공준";
			sourceTree = "<group>";
		};
		813C4510286AE4A200D840D5 /* 9020. 골드바흐의 추측 */ = {
			isa = PBXGroup;
			children = (
				813C4511286AE4A200D840D5 /* 9020. 골드바흐의 추측.cpp */,
			);
			path = "9020. 골드바흐의 추측";
			sourceTree = "<group>";
		};
		813C45262873FCCC00D840D5 /* 2884. 알람 시계 */ = {
			isa = PBXGroup;
			children = (
				813C45272873FCCC00D840D5 /* 2884. 알람 시계.cpp */,
			);
			path = "2884. 알람 시계";
			sourceTree = "<group>";
		};
		813C45312874029F00D840D5 /* 2798. 블랙잭 */ = {
			isa = PBXGroup;
			children = (
				813C45322874029F00D840D5 /* 2798. 블랙잭.cpp */,
			);
			path = "2798. 블랙잭";
			sourceTree = "<group>";
		};
		813C453C28740CC200D840D5 /* 2231. 분해합 */ = {
			isa = PBXGroup;
			children = (
				813C453D28740CC200D840D5 /* 2231. 분해합.cpp */,
			);
			path = "2231. 분해합";
			sourceTree = "<group>";
		};
		813C45472876FA4200D840D5 /* 10872. 팩토리얼 */ = {
			isa = PBXGroup;
			children = (
				813C45482876FA4200D840D5 /* 10872. 팩토리얼.cpp */,
			);
			path = "10872. 팩토리얼";
			sourceTree = "<group>";
		};
		813C4552287702C200D840D5 /* 11729. 하노이 탑 이동 순서 */ = {
			isa = PBXGroup;
			children = (
				813C4553287702C200D840D5 /* 11729. 하노이 탑 이동 순서.cpp */,
			);
			path = "11729. 하노이 탑 이동 순서";
			sourceTree = "<group>";
		};
		815151FF2866BF5500F8C083 /* 1978. 소수 찾기 */ = {
			isa = PBXGroup;
			children = (
				815152002866BF5500F8C083 /* 1978. 소수 찾기.cpp */,
			);
			path = "1978. 소수 찾기";
			sourceTree = "<group>";
		};
		8151520A2866DF0000F8C083 /* 11653. 소인수분해 */ = {
			isa = PBXGroup;
			children = (
				8151520B2866DF0000F8C083 /* 11653. 소인수분해.cpp */,
			);
			path = "11653. 소인수분해";
			sourceTree = "<group>";
		};
/* End PBXGroup section */

/* Begin PBXNativeTarget section */
		81153CE528630F6200407980 /* 17478. 재귀함수가 뭔가요? */ = {
			isa = PBXNativeTarget;
			buildConfigurationList = 81153CEC28630F6200407980 /* Build configuration list for PBXNativeTarget "17478. 재귀함수가 뭔가요?" */;
			buildPhases = (
				81153CE228630F6200407980 /* Sources */,
				81153CE328630F6200407980 /* Frameworks */,
				81153CE428630F6200407980 /* CopyFiles */,
			);
			buildRules = (
			);
			dependencies = (
			);
			name = "17478. 재귀함수가 뭔가요?";
			productName = "17478. 재귀함수가 뭔가요?";
			productReference = 81153CE628630F6200407980 /* 17478. 재귀함수가 뭔가요? */;
			productType = "com.apple.product-type.tool";
		};
		81153CFB286314E700407980 /* 2839. 설탕 배달 */ = {
			isa = PBXNativeTarget;
			buildConfigurationList = 81153D02286314E700407980 /* Build configuration list for PBXNativeTarget "2839. 설탕 배달" */;
			buildPhases = (
				81153CF8286314E700407980 /* Sources */,
				81153CF9286314E700407980 /* Frameworks */,
				81153CFA286314E700407980 /* CopyFiles */,
			);
			buildRules = (
			);
			dependencies = (
			);
			name = "2839. 설탕 배달";
			productName = "2839. 설탕 배달";
			productReference = 81153CFC286314E700407980 /* 2839. 설탕 배달 */;
			productType = "com.apple.product-type.tool";
		};
		81153D06286633D400407980 /* 4673. 셀프 넘버 */ = {
			isa = PBXNativeTarget;
			buildConfigurationList = 81153D0B286633D400407980 /* Build configuration list for PBXNativeTarget "4673. 셀프 넘버" */;
			buildPhases = (
				81153D03286633D400407980 /* Sources */,
				81153D04286633D400407980 /* Frameworks */,
				81153D05286633D400407980 /* CopyFiles */,
			);
			buildRules = (
			);
			dependencies = (
			);
			name = "4673. 셀프 넘버";
			productName = "4673. 셀프 넘버";
			productReference = 81153D07286633D400407980 /* 4673. 셀프 넘버 */;
			productType = "com.apple.product-type.tool";
		};
		81153D11286654BA00407980 /* 1065. 한수 */ = {
			isa = PBXNativeTarget;
			buildConfigurationList = 81153D16286654BA00407980 /* Build configuration list for PBXNativeTarget "1065. 한수" */;
			buildPhases = (
				81153D0E286654BA00407980 /* Sources */,
				81153D0F286654BA00407980 /* Frameworks */,
				81153D10286654BA00407980 /* CopyFiles */,
			);
			buildRules = (
			);
			dependencies = (
			);
			name = "1065. 한수";
			productName = "1065. 한수";
			productReference = 81153D12286654BA00407980 /* 1065. 한수 */;
			productType = "com.apple.product-type.tool";
		};
		813C44C128675C9D00D840D5 /* 2581. 소수 */ = {
			isa = PBXNativeTarget;
			buildConfigurationList = 813C44C828675C9D00D840D5 /* Build configuration list for PBXNativeTarget "2581. 소수" */;
			buildPhases = (
				813C44BE28675C9D00D840D5 /* Sources */,
				813C44BF28675C9D00D840D5 /* Frameworks */,
				813C44C028675C9D00D840D5 /* CopyFiles */,
			);
			buildRules = (
			);
			dependencies = (
			);
			name = "2581. 소수";
			productName = "2581. 소수";
			productReference = 813C44C228675C9D00D840D5 /* 2581. 소수 */;
			productType = "com.apple.product-type.tool";
		};
		813C44CC28676B5600D840D5 /* 1929. 소수 구하기 */ = {
			isa = PBXNativeTarget;
			buildConfigurationList = 813C44D328676B5600D840D5 /* Build configuration list for PBXNativeTarget "1929. 소수 구하기" */;
			buildPhases = (
				813C44C928676B5600D840D5 /* Sources */,
				813C44CA28676B5600D840D5 /* Frameworks */,
				813C44CB28676B5600D840D5 /* CopyFiles */,
			);
			buildRules = (
			);
			dependencies = (
			);
			name = "1929. 소수 구하기";
			productName = "1929. 소수 구하기";
			productReference = 813C44CD28676B5600D840D5 /* 1929. 소수 구하기 */;
			productType = "com.apple.product-type.tool";
		};
		813C44F8286AAFC100D840D5 /* 1316. 그룹 단어 체커 */ = {
			isa = PBXNativeTarget;
			buildConfigurationList = 813C44FF286AAFC100D840D5 /* Build configuration list for PBXNativeTarget "1316. 그룹 단어 체커" */;
			buildPhases = (
				813C44F5286AAFC100D840D5 /* Sources */,
				813C44F6286AAFC100D840D5 /* Frameworks */,
				813C44F7286AAFC100D840D5 /* CopyFiles */,
			);
			buildRules = (
			);
			dependencies = (
			);
			name = "1316. 그룹 단어 체커";
			productName = "1316. 그룹 단어 체커";
			productReference = 813C44F9286AAFC100D840D5 /* 1316. 그룹 단어 체커 */;
			productType = "com.apple.product-type.tool";
		};
		813C4503286AC82500D840D5 /* 4948. 베르트랑 공준 */ = {
			isa = PBXNativeTarget;
			buildConfigurationList = 813C450A286AC82500D840D5 /* Build configuration list for PBXNativeTarget "4948. 베르트랑 공준" */;
			buildPhases = (
				813C4500286AC82500D840D5 /* Sources */,
				813C4501286AC82500D840D5 /* Frameworks */,
				813C4502286AC82500D840D5 /* CopyFiles */,
			);
			buildRules = (
			);
			dependencies = (
			);
			name = "4948. 베르트랑 공준";
			productName = "4948. 베르트랑 공준";
			productReference = 813C4504286AC82500D840D5 /* 4948. 베르트랑 공준 */;
			productType = "com.apple.product-type.tool";
		};
		813C450E286AE4A200D840D5 /* 9020. 골드바흐의 추측 */ = {
			isa = PBXNativeTarget;
			buildConfigurationList = 813C4515286AE4A200D840D5 /* Build configuration list for PBXNativeTarget "9020. 골드바흐의 추측" */;
			buildPhases = (
				813C450B286AE4A200D840D5 /* Sources */,
				813C450C286AE4A200D840D5 /* Frameworks */,
				813C450D286AE4A200D840D5 /* CopyFiles */,
			);
			buildRules = (
			);
			dependencies = (
			);
			name = "9020. 골드바흐의 추측";
			productName = "9020. 골드바흐의 추측";
			productReference = 813C450F286AE4A200D840D5 /* 9020. 골드바흐의 추측 */;
			productType = "com.apple.product-type.tool";
		};
		813C45242873FCCC00D840D5 /* 2884. 알람 시계 */ = {
			isa = PBXNativeTarget;
			buildConfigurationList = 813C452B2873FCCC00D840D5 /* Build configuration list for PBXNativeTarget "2884. 알람 시계" */;
			buildPhases = (
				813C45212873FCCC00D840D5 /* Sources */,
				813C45222873FCCC00D840D5 /* Frameworks */,
				813C45232873FCCC00D840D5 /* CopyFiles */,
			);
			buildRules = (
			);
			dependencies = (
			);
			name = "2884. 알람 시계";
			productName = "2884. 알람 시계";
			productReference = 813C45252873FCCC00D840D5 /* 2884. 알람 시계 */;
			productType = "com.apple.product-type.tool";
		};
		813C452F2874029F00D840D5 /* 2798. 블랙잭 */ = {
			isa = PBXNativeTarget;
			buildConfigurationList = 813C45362874029F00D840D5 /* Build configuration list for PBXNativeTarget "2798. 블랙잭" */;
			buildPhases = (
				813C452C2874029F00D840D5 /* Sources */,
				813C452D2874029F00D840D5 /* Frameworks */,
				813C452E2874029F00D840D5 /* CopyFiles */,
			);
			buildRules = (
			);
			dependencies = (
			);
			name = "2798. 블랙잭";
			productName = "2798. 블랙잭";
			productReference = 813C45302874029F00D840D5 /* 2798. 블랙잭 */;
			productType = "com.apple.product-type.tool";
		};
		813C453A28740CC200D840D5 /* 2231. 분해합 */ = {
			isa = PBXNativeTarget;
			buildConfigurationList = 813C453F28740CC200D840D5 /* Build configuration list for PBXNativeTarget "2231. 분해합" */;
			buildPhases = (
				813C453728740CC200D840D5 /* Sources */,
				813C453828740CC200D840D5 /* Frameworks */,
				813C453928740CC200D840D5 /* CopyFiles */,
			);
			buildRules = (
			);
			dependencies = (
			);
			name = "2231. 분해합";
			productName = "2231. 분해합";
			productReference = 813C453B28740CC200D840D5 /* 2231. 분해합 */;
			productType = "com.apple.product-type.tool";
		};
		813C45452876FA4200D840D5 /* 10872. 팩토리얼 */ = {
			isa = PBXNativeTarget;
			buildConfigurationList = 813C454A2876FA4200D840D5 /* Build configuration list for PBXNativeTarget "10872. 팩토리얼" */;
			buildPhases = (
				813C45422876FA4200D840D5 /* Sources */,
				813C45432876FA4200D840D5 /* Frameworks */,
				813C45442876FA4200D840D5 /* CopyFiles */,
			);
			buildRules = (
			);
			dependencies = (
			);
			name = "10872. 팩토리얼";
			productName = "10872. 팩토리얼";
			productReference = 813C45462876FA4200D840D5 /* 10872. 팩토리얼 */;
			productType = "com.apple.product-type.tool";
		};
		813C4550287702C200D840D5 /* 11729. 하노이 탑 이동 순서 */ = {
			isa = PBXNativeTarget;
			buildConfigurationList = 813C4555287702C200D840D5 /* Build configuration list for PBXNativeTarget "11729. 하노이 탑 이동 순서" */;
			buildPhases = (
				813C454D287702C200D840D5 /* Sources */,
				813C454E287702C200D840D5 /* Frameworks */,
				813C454F287702C200D840D5 /* CopyFiles */,
			);
			buildRules = (
			);
			dependencies = (
			);
			name = "11729. 하노이 탑 이동 순서";
			productName = "11729. 하노이 탑 이동 순서";
			productReference = 813C4551287702C200D840D5 /* 11729. 하노이 탑 이동 순서 */;
			productType = "com.apple.product-type.tool";
		};
		815151FD2866BF5500F8C083 /* 1978. 소수 찾기 */ = {
			isa = PBXNativeTarget;
			buildConfigurationList = 815152042866BF5500F8C083 /* Build configuration list for PBXNativeTarget "1978. 소수 찾기" */;
			buildPhases = (
				815151FA2866BF5500F8C083 /* Sources */,
				815151FB2866BF5500F8C083 /* Frameworks */,
				815151FC2866BF5500F8C083 /* CopyFiles */,
			);
			buildRules = (
			);
			dependencies = (
			);
			name = "1978. 소수 찾기";
			productName = "1978. 소수 찾기";
			productReference = 815151FE2866BF5500F8C083 /* 1978. 소수 찾기 */;
			productType = "com.apple.product-type.tool";
		};
		815152082866DF0000F8C083 /* 11653. 소인수분해 */ = {
			isa = PBXNativeTarget;
			buildConfigurationList = 8151520F2866DF0000F8C083 /* Build configuration list for PBXNativeTarget "11653. 소인수분해" */;
			buildPhases = (
				815152052866DF0000F8C083 /* Sources */,
				815152062866DF0000F8C083 /* Frameworks */,
				815152072866DF0000F8C083 /* CopyFiles */,
			);
			buildRules = (
			);
			dependencies = (
			);
			name = "11653. 소인수분해";
			productName = "11653. 소인수분해";
			productReference = 815152092866DF0000F8C083 /* 11653. 소인수분해 */;
			productType = "com.apple.product-type.tool";
		};
/* End PBXNativeTarget section */

/* Begin PBXProject section */
		81168FDD2862E46900C34FCF /* Project object */ = {
			isa = PBXProject;
			attributes = {
				BuildIndependentTargetsInParallel = 1;
				LastUpgradeCheck = 1340;
				TargetAttributes = {
					81153CE528630F6200407980 = {
						CreatedOnToolsVersion = 13.4.1;
					};
					81153CFB286314E700407980 = {
						CreatedOnToolsVersion = 13.4.1;
					};
					81153D06286633D400407980 = {
						CreatedOnToolsVersion = 13.4.1;
					};
					81153D11286654BA00407980 = {
						CreatedOnToolsVersion = 13.4.1;
					};
					813C44C128675C9D00D840D5 = {
						CreatedOnToolsVersion = 13.4.1;
					};
					813C44CC28676B5600D840D5 = {
						CreatedOnToolsVersion = 13.4.1;
					};
					813C44F8286AAFC100D840D5 = {
						CreatedOnToolsVersion = 13.4.1;
					};
					813C4503286AC82500D840D5 = {
						CreatedOnToolsVersion = 13.4.1;
					};
					813C450E286AE4A200D840D5 = {
						CreatedOnToolsVersion = 13.4.1;
					};
					813C45242873FCCC00D840D5 = {
						CreatedOnToolsVersion = 13.4.1;
					};
					813C452F2874029F00D840D5 = {
						CreatedOnToolsVersion = 13.4.1;
					};
					813C453A28740CC200D840D5 = {
						CreatedOnToolsVersion = 13.4.1;
					};
					813C45452876FA4200D840D5 = {
						CreatedOnToolsVersion = 13.4.1;
					};
					813C4550287702C200D840D5 = {
						CreatedOnToolsVersion = 13.4.1;
					};
					815151FD2866BF5500F8C083 = {
						CreatedOnToolsVersion = 13.4.1;
					};
					815152082866DF0000F8C083 = {
						CreatedOnToolsVersion = 13.4.1;
					};
				};
			};
			buildConfigurationList = 81168FE02862E46900C34FCF /* Build configuration list for PBXProject "BOJ" */;
			compatibilityVersion = "Xcode 13.0";
			developmentRegion = en;
			hasScannedForEncodings = 0;
			knownRegions = (
				en,
				Base,
			);
			mainGroup = 81168FDC2862E46900C34FCF;
			productRefGroup = 81168FE62862E46900C34FCF /* Products */;
			projectDirPath = "";
			projectRoot = "";
			targets = (
				81153CE528630F6200407980 /* 17478. 재귀함수가 뭔가요? */,
				81153CFB286314E700407980 /* 2839. 설탕 배달 */,
				81153D06286633D400407980 /* 4673. 셀프 넘버 */,
				81153D11286654BA00407980 /* 1065. 한수 */,
				815151FD2866BF5500F8C083 /* 1978. 소수 찾기 */,
				815152082866DF0000F8C083 /* 11653. 소인수분해 */,
				813C44C128675C9D00D840D5 /* 2581. 소수 */,
				813C44CC28676B5600D840D5 /* 1929. 소수 구하기 */,
				813C44F8286AAFC100D840D5 /* 1316. 그룹 단어 체커 */,
				813C4503286AC82500D840D5 /* 4948. 베르트랑 공준 */,
				813C450E286AE4A200D840D5 /* 9020. 골드바흐의 추측 */,
				813C45242873FCCC00D840D5 /* 2884. 알람 시계 */,
				813C452F2874029F00D840D5 /* 2798. 블랙잭 */,
				813C453A28740CC200D840D5 /* 2231. 분해합 */,
				813C45452876FA4200D840D5 /* 10872. 팩토리얼 */,
				813C4550287702C200D840D5 /* 11729. 하노이 탑 이동 순서 */,
			);
		};
/* End PBXProject section */

/* Begin PBXSourcesBuildPhase section */
		81153CE228630F6200407980 /* Sources */ = {
			isa = PBXSourcesBuildPhase;
			buildActionMask = 2147483647;
			files = (
				81153CE928630F6200407980 /* 17478. 재귀함수가 뭔가요?.cpp in Sources */,
			);
			runOnlyForDeploymentPostprocessing = 0;
		};
		81153CF8286314E700407980 /* Sources */ = {
			isa = PBXSourcesBuildPhase;
			buildActionMask = 2147483647;
			files = (
				81153CFF286314E700407980 /* 2839. 설탕 배달.cpp in Sources */,
			);
			runOnlyForDeploymentPostprocessing = 0;
		};
		81153D03286633D400407980 /* Sources */ = {
			isa = PBXSourcesBuildPhase;
			buildActionMask = 2147483647;
			files = (
				81153D0A286633D400407980 /* 4673. 셀프 넘버.cpp in Sources */,
			);
			runOnlyForDeploymentPostprocessing = 0;
		};
		81153D0E286654BA00407980 /* Sources */ = {
			isa = PBXSourcesBuildPhase;
			buildActionMask = 2147483647;
			files = (
				81153D15286654BA00407980 /* 1065. 한수.cpp in Sources */,
			);
			runOnlyForDeploymentPostprocessing = 0;
		};
		813C44BE28675C9D00D840D5 /* Sources */ = {
			isa = PBXSourcesBuildPhase;
			buildActionMask = 2147483647;
			files = (
				813C44C528675C9D00D840D5 /* 2581. 소수.cpp in Sources */,
			);
			runOnlyForDeploymentPostprocessing = 0;
		};
		813C44C928676B5600D840D5 /* Sources */ = {
			isa = PBXSourcesBuildPhase;
			buildActionMask = 2147483647;
			files = (
				813C44D028676B5600D840D5 /* 1929. 소수 구하기.cpp in Sources */,
			);
			runOnlyForDeploymentPostprocessing = 0;
		};
		813C44F5286AAFC100D840D5 /* Sources */ = {
			isa = PBXSourcesBuildPhase;
			buildActionMask = 2147483647;
			files = (
				813C44FC286AAFC100D840D5 /* 1316. 그룹 단어 체커.cpp in Sources */,
			);
			runOnlyForDeploymentPostprocessing = 0;
		};
		813C4500286AC82500D840D5 /* Sources */ = {
			isa = PBXSourcesBuildPhase;
			buildActionMask = 2147483647;
			files = (
				813C4507286AC82500D840D5 /* 4948. 베르트랑 공준.cpp in Sources */,
			);
			runOnlyForDeploymentPostprocessing = 0;
		};
		813C450B286AE4A200D840D5 /* Sources */ = {
			isa = PBXSourcesBuildPhase;
			buildActionMask = 2147483647;
			files = (
				813C4512286AE4A200D840D5 /* 9020. 골드바흐의 추측.cpp in Sources */,
			);
			runOnlyForDeploymentPostprocessing = 0;
		};
		813C45212873FCCC00D840D5 /* Sources */ = {
			isa = PBXSourcesBuildPhase;
			buildActionMask = 2147483647;
			files = (
				813C45282873FCCC00D840D5 /* 2884. 알람 시계.cpp in Sources */,
			);
			runOnlyForDeploymentPostprocessing = 0;
		};
		813C452C2874029F00D840D5 /* Sources */ = {
			isa = PBXSourcesBuildPhase;
			buildActionMask = 2147483647;
			files = (
				813C45332874029F00D840D5 /* 2798. 블랙잭.cpp in Sources */,
			);
			runOnlyForDeploymentPostprocessing = 0;
		};
		813C453728740CC200D840D5 /* Sources */ = {
			isa = PBXSourcesBuildPhase;
			buildActionMask = 2147483647;
			files = (
				813C453E28740CC200D840D5 /* 2231. 분해합.cpp in Sources */,
			);
			runOnlyForDeploymentPostprocessing = 0;
		};
		813C45422876FA4200D840D5 /* Sources */ = {
			isa = PBXSourcesBuildPhase;
			buildActionMask = 2147483647;
			files = (
				813C45492876FA4200D840D5 /* 10872. 팩토리얼.cpp in Sources */,
			);
			runOnlyForDeploymentPostprocessing = 0;
		};
		813C454D287702C200D840D5 /* Sources */ = {
			isa = PBXSourcesBuildPhase;
			buildActionMask = 2147483647;
			files = (
				813C4554287702C200D840D5 /* 11729. 하노이 탑 이동 순서.cpp in Sources */,
			);
			runOnlyForDeploymentPostprocessing = 0;
		};
		815151FA2866BF5500F8C083 /* Sources */ = {
			isa = PBXSourcesBuildPhase;
			buildActionMask = 2147483647;
			files = (
				815152012866BF5500F8C083 /* 1978. 소수 찾기.cpp in Sources */,
			);
			runOnlyForDeploymentPostprocessing = 0;
		};
		815152052866DF0000F8C083 /* Sources */ = {
			isa = PBXSourcesBuildPhase;
			buildActionMask = 2147483647;
			files = (
				8151520C2866DF0000F8C083 /* 11653. 소인수분해.cpp in Sources */,
			);
			runOnlyForDeploymentPostprocessing = 0;
		};
/* End PBXSourcesBuildPhase section */

/* Begin XCBuildConfiguration section */
		81153CEA28630F6200407980 /* Debug */ = {
			isa = XCBuildConfiguration;
			buildSettings = {
				CODE_SIGN_STYLE = Automatic;
				PRODUCT_NAME = "$(TARGET_NAME)";
			};
			name = Debug;
		};
		81153CEB28630F6200407980 /* Release */ = {
			isa = XCBuildConfiguration;
			buildSettings = {
				CODE_SIGN_STYLE = Automatic;
				PRODUCT_NAME = "$(TARGET_NAME)";
			};
			name = Release;
		};
		81153D00286314E700407980 /* Debug */ = {
			isa = XCBuildConfiguration;
			buildSettings = {
				CODE_SIGN_STYLE = Automatic;
				PRODUCT_NAME = "$(TARGET_NAME)";
			};
			name = Debug;
		};
		81153D01286314E700407980 /* Release */ = {
			isa = XCBuildConfiguration;
			buildSettings = {
				CODE_SIGN_STYLE = Automatic;
				PRODUCT_NAME = "$(TARGET_NAME)";
			};
			name = Release;
		};
		81153D0C286633D400407980 /* Debug */ = {
			isa = XCBuildConfiguration;
			buildSettings = {
				CODE_SIGN_STYLE = Automatic;
				PRODUCT_NAME = "$(TARGET_NAME)";
			};
			name = Debug;
		};
		81153D0D286633D400407980 /* Release */ = {
			isa = XCBuildConfiguration;
			buildSettings = {
				CODE_SIGN_STYLE = Automatic;
				PRODUCT_NAME = "$(TARGET_NAME)";
			};
			name = Release;
		};
		81153D17286654BA00407980 /* Debug */ = {
			isa = XCBuildConfiguration;
			buildSettings = {
				CODE_SIGN_STYLE = Automatic;
				PRODUCT_NAME = "$(TARGET_NAME)";
			};
			name = Debug;
		};
		81153D18286654BA00407980 /* Release */ = {
			isa = XCBuildConfiguration;
			buildSettings = {
				CODE_SIGN_STYLE = Automatic;
				PRODUCT_NAME = "$(TARGET_NAME)";
			};
			name = Release;
		};
		81168FEA2862E46900C34FCF /* Debug */ = {
			isa = XCBuildConfiguration;
			buildSettings = {
				ALWAYS_SEARCH_USER_PATHS = NO;
				CLANG_ANALYZER_NONNULL = YES;
				CLANG_ANALYZER_NUMBER_OBJECT_CONVERSION = YES_AGGRESSIVE;
				CLANG_CXX_LANGUAGE_STANDARD = "gnu++17";
				CLANG_ENABLE_MODULES = YES;
				CLANG_ENABLE_OBJC_ARC = YES;
				CLANG_ENABLE_OBJC_WEAK = YES;
				CLANG_WARN_BLOCK_CAPTURE_AUTORELEASING = YES;
				CLANG_WARN_BOOL_CONVERSION = YES;
				CLANG_WARN_COMMA = YES;
				CLANG_WARN_CONSTANT_CONVERSION = YES;
				CLANG_WARN_DEPRECATED_OBJC_IMPLEMENTATIONS = YES;
				CLANG_WARN_DIRECT_OBJC_ISA_USAGE = YES_ERROR;
				CLANG_WARN_DOCUMENTATION_COMMENTS = YES;
				CLANG_WARN_EMPTY_BODY = YES;
				CLANG_WARN_ENUM_CONVERSION = YES;
				CLANG_WARN_INFINITE_RECURSION = YES;
				CLANG_WARN_INT_CONVERSION = YES;
				CLANG_WARN_NON_LITERAL_NULL_CONVERSION = YES;
				CLANG_WARN_OBJC_IMPLICIT_RETAIN_SELF = YES;
				CLANG_WARN_OBJC_LITERAL_CONVERSION = YES;
				CLANG_WARN_OBJC_ROOT_CLASS = YES_ERROR;
				CLANG_WARN_QUOTED_INCLUDE_IN_FRAMEWORK_HEADER = YES;
				CLANG_WARN_RANGE_LOOP_ANALYSIS = YES;
				CLANG_WARN_STRICT_PROTOTYPES = YES;
				CLANG_WARN_SUSPICIOUS_MOVE = YES;
				CLANG_WARN_UNGUARDED_AVAILABILITY = YES_AGGRESSIVE;
				CLANG_WARN_UNREACHABLE_CODE = YES;
				CLANG_WARN__DUPLICATE_METHOD_MATCH = YES;
				COPY_PHASE_STRIP = NO;
				DEBUG_INFORMATION_FORMAT = dwarf;
				ENABLE_STRICT_OBJC_MSGSEND = YES;
				ENABLE_TESTABILITY = YES;
				GCC_C_LANGUAGE_STANDARD = gnu11;
				GCC_DYNAMIC_NO_PIC = NO;
				GCC_NO_COMMON_BLOCKS = YES;
				GCC_OPTIMIZATION_LEVEL = 0;
				GCC_PREPROCESSOR_DEFINITIONS = (
					"DEBUG=1",
					"$(inherited)",
				);
				GCC_WARN_64_TO_32_BIT_CONVERSION = YES;
				GCC_WARN_ABOUT_RETURN_TYPE = YES_ERROR;
				GCC_WARN_UNDECLARED_SELECTOR = YES;
				GCC_WARN_UNINITIALIZED_AUTOS = YES_AGGRESSIVE;
				GCC_WARN_UNUSED_FUNCTION = YES;
				GCC_WARN_UNUSED_VARIABLE = YES;
				MACOSX_DEPLOYMENT_TARGET = 12.3;
				MTL_ENABLE_DEBUG_INFO = INCLUDE_SOURCE;
				MTL_FAST_MATH = YES;
				ONLY_ACTIVE_ARCH = YES;
				SDKROOT = macosx;
			};
			name = Debug;
		};
		81168FEB2862E46900C34FCF /* Release */ = {
			isa = XCBuildConfiguration;
			buildSettings = {
				ALWAYS_SEARCH_USER_PATHS = NO;
				CLANG_ANALYZER_NONNULL = YES;
				CLANG_ANALYZER_NUMBER_OBJECT_CONVERSION = YES_AGGRESSIVE;
				CLANG_CXX_LANGUAGE_STANDARD = "gnu++17";
				CLANG_ENABLE_MODULES = YES;
				CLANG_ENABLE_OBJC_ARC = YES;
				CLANG_ENABLE_OBJC_WEAK = YES;
				CLANG_WARN_BLOCK_CAPTURE_AUTORELEASING = YES;
				CLANG_WARN_BOOL_CONVERSION = YES;
				CLANG_WARN_COMMA = YES;
				CLANG_WARN_CONSTANT_CONVERSION = YES;
				CLANG_WARN_DEPRECATED_OBJC_IMPLEMENTATIONS = YES;
				CLANG_WARN_DIRECT_OBJC_ISA_USAGE = YES_ERROR;
				CLANG_WARN_DOCUMENTATION_COMMENTS = YES;
				CLANG_WARN_EMPTY_BODY = YES;
				CLANG_WARN_ENUM_CONVERSION = YES;
				CLANG_WARN_INFINITE_RECURSION = YES;
				CLANG_WARN_INT_CONVERSION = YES;
				CLANG_WARN_NON_LITERAL_NULL_CONVERSION = YES;
				CLANG_WARN_OBJC_IMPLICIT_RETAIN_SELF = YES;
				CLANG_WARN_OBJC_LITERAL_CONVERSION = YES;
				CLANG_WARN_OBJC_ROOT_CLASS = YES_ERROR;
				CLANG_WARN_QUOTED_INCLUDE_IN_FRAMEWORK_HEADER = YES;
				CLANG_WARN_RANGE_LOOP_ANALYSIS = YES;
				CLANG_WARN_STRICT_PROTOTYPES = YES;
				CLANG_WARN_SUSPICIOUS_MOVE = YES;
				CLANG_WARN_UNGUARDED_AVAILABILITY = YES_AGGRESSIVE;
				CLANG_WARN_UNREACHABLE_CODE = YES;
				CLANG_WARN__DUPLICATE_METHOD_MATCH = YES;
				COPY_PHASE_STRIP = NO;
				DEBUG_INFORMATION_FORMAT = "dwarf-with-dsym";
				ENABLE_NS_ASSERTIONS = NO;
				ENABLE_STRICT_OBJC_MSGSEND = YES;
				GCC_C_LANGUAGE_STANDARD = gnu11;
				GCC_NO_COMMON_BLOCKS = YES;
				GCC_WARN_64_TO_32_BIT_CONVERSION = YES;
				GCC_WARN_ABOUT_RETURN_TYPE = YES_ERROR;
				GCC_WARN_UNDECLARED_SELECTOR = YES;
				GCC_WARN_UNINITIALIZED_AUTOS = YES_AGGRESSIVE;
				GCC_WARN_UNUSED_FUNCTION = YES;
				GCC_WARN_UNUSED_VARIABLE = YES;
				MACOSX_DEPLOYMENT_TARGET = 12.3;
				MTL_ENABLE_DEBUG_INFO = NO;
				MTL_FAST_MATH = YES;
				SDKROOT = macosx;
			};
			name = Release;
		};
		813C44C628675C9D00D840D5 /* Debug */ = {
			isa = XCBuildConfiguration;
			buildSettings = {
				CODE_SIGN_STYLE = Automatic;
				PRODUCT_NAME = "$(TARGET_NAME)";
			};
			name = Debug;
		};
		813C44C728675C9D00D840D5 /* Release */ = {
			isa = XCBuildConfiguration;
			buildSettings = {
				CODE_SIGN_STYLE = Automatic;
				PRODUCT_NAME = "$(TARGET_NAME)";
			};
			name = Release;
		};
		813C44D128676B5600D840D5 /* Debug */ = {
			isa = XCBuildConfiguration;
			buildSettings = {
				CODE_SIGN_STYLE = Automatic;
				PRODUCT_NAME = "$(TARGET_NAME)";
			};
			name = Debug;
		};
		813C44D228676B5600D840D5 /* Release */ = {
			isa = XCBuildConfiguration;
			buildSettings = {
				CODE_SIGN_STYLE = Automatic;
				PRODUCT_NAME = "$(TARGET_NAME)";
			};
			name = Release;
		};
		813C44FD286AAFC100D840D5 /* Debug */ = {
			isa = XCBuildConfiguration;
			buildSettings = {
				CODE_SIGN_STYLE = Automatic;
				PRODUCT_NAME = "$(TARGET_NAME)";
			};
			name = Debug;
		};
		813C44FE286AAFC100D840D5 /* Release */ = {
			isa = XCBuildConfiguration;
			buildSettings = {
				CODE_SIGN_STYLE = Automatic;
				PRODUCT_NAME = "$(TARGET_NAME)";
			};
			name = Release;
		};
		813C4508286AC82500D840D5 /* Debug */ = {
			isa = XCBuildConfiguration;
			buildSettings = {
				CODE_SIGN_STYLE = Automatic;
				PRODUCT_NAME = "$(TARGET_NAME)";
			};
			name = Debug;
		};
		813C4509286AC82500D840D5 /* Release */ = {
			isa = XCBuildConfiguration;
			buildSettings = {
				CODE_SIGN_STYLE = Automatic;
				PRODUCT_NAME = "$(TARGET_NAME)";
			};
			name = Release;
		};
		813C4513286AE4A200D840D5 /* Debug */ = {
			isa = XCBuildConfiguration;
			buildSettings = {
				CODE_SIGN_STYLE = Automatic;
				PRODUCT_NAME = "$(TARGET_NAME)";
			};
			name = Debug;
		};
		813C4514286AE4A200D840D5 /* Release */ = {
			isa = XCBuildConfiguration;
			buildSettings = {
				CODE_SIGN_STYLE = Automatic;
				PRODUCT_NAME = "$(TARGET_NAME)";
			};
			name = Release;
		};
		813C45292873FCCC00D840D5 /* Debug */ = {
			isa = XCBuildConfiguration;
			buildSettings = {
				CODE_SIGN_STYLE = Automatic;
				PRODUCT_NAME = "$(TARGET_NAME)";
			};
			name = Debug;
		};
		813C452A2873FCCC00D840D5 /* Release */ = {
			isa = XCBuildConfiguration;
			buildSettings = {
				CODE_SIGN_STYLE = Automatic;
				PRODUCT_NAME = "$(TARGET_NAME)";
			};
			name = Release;
		};
		813C45342874029F00D840D5 /* Debug */ = {
			isa = XCBuildConfiguration;
			buildSettings = {
				CODE_SIGN_STYLE = Automatic;
				PRODUCT_NAME = "$(TARGET_NAME)";
			};
			name = Debug;
		};
		813C45352874029F00D840D5 /* Release */ = {
			isa = XCBuildConfiguration;
			buildSettings = {
				CODE_SIGN_STYLE = Automatic;
				PRODUCT_NAME = "$(TARGET_NAME)";
			};
			name = Release;
		};
		813C454028740CC200D840D5 /* Debug */ = {
			isa = XCBuildConfiguration;
			buildSettings = {
				CODE_SIGN_STYLE = Automatic;
				PRODUCT_NAME = "$(TARGET_NAME)";
			};
			name = Debug;
		};
		813C454128740CC200D840D5 /* Release */ = {
			isa = XCBuildConfiguration;
			buildSettings = {
				CODE_SIGN_STYLE = Automatic;
				PRODUCT_NAME = "$(TARGET_NAME)";
			};
			name = Release;
		};
		813C454B2876FA4200D840D5 /* Debug */ = {
			isa = XCBuildConfiguration;
			buildSettings = {
				CODE_SIGN_STYLE = Automatic;
				PRODUCT_NAME = "$(TARGET_NAME)";
			};
			name = Debug;
		};
		813C454C2876FA4200D840D5 /* Release */ = {
			isa = XCBuildConfiguration;
			buildSettings = {
				CODE_SIGN_STYLE = Automatic;
				PRODUCT_NAME = "$(TARGET_NAME)";
			};
			name = Release;
		};
		813C4556287702C200D840D5 /* Debug */ = {
			isa = XCBuildConfiguration;
			buildSettings = {
				CODE_SIGN_STYLE = Automatic;
				PRODUCT_NAME = "$(TARGET_NAME)";
			};
			name = Debug;
		};
		813C4557287702C200D840D5 /* Release */ = {
			isa = XCBuildConfiguration;
			buildSettings = {
				CODE_SIGN_STYLE = Automatic;
				PRODUCT_NAME = "$(TARGET_NAME)";
			};
			name = Release;
		};
		815152022866BF5500F8C083 /* Debug */ = {
			isa = XCBuildConfiguration;
			buildSettings = {
				CODE_SIGN_STYLE = Automatic;
				PRODUCT_NAME = "$(TARGET_NAME)";
			};
			name = Debug;
		};
		815152032866BF5500F8C083 /* Release */ = {
			isa = XCBuildConfiguration;
			buildSettings = {
				CODE_SIGN_STYLE = Automatic;
				PRODUCT_NAME = "$(TARGET_NAME)";
			};
			name = Release;
		};
		8151520D2866DF0000F8C083 /* Debug */ = {
			isa = XCBuildConfiguration;
			buildSettings = {
				CODE_SIGN_STYLE = Automatic;
				PRODUCT_NAME = "$(TARGET_NAME)";
			};
			name = Debug;
		};
		8151520E2866DF0000F8C083 /* Release */ = {
			isa = XCBuildConfiguration;
			buildSettings = {
				CODE_SIGN_STYLE = Automatic;
				PRODUCT_NAME = "$(TARGET_NAME)";
			};
			name = Release;
		};
/* End XCBuildConfiguration section */

/* Begin XCConfigurationList section */
		81153CEC28630F6200407980 /* Build configuration list for PBXNativeTarget "17478. 재귀함수가 뭔가요?" */ = {
			isa = XCConfigurationList;
			buildConfigurations = (
				81153CEA28630F6200407980 /* Debug */,
				81153CEB28630F6200407980 /* Release */,
			);
			defaultConfigurationIsVisible = 0;
			defaultConfigurationName = Release;
		};
		81153D02286314E700407980 /* Build configuration list for PBXNativeTarget "2839. 설탕 배달" */ = {
			isa = XCConfigurationList;
			buildConfigurations = (
				81153D00286314E700407980 /* Debug */,
				81153D01286314E700407980 /* Release */,
			);
			defaultConfigurationIsVisible = 0;
			defaultConfigurationName = Release;
		};
		81153D0B286633D400407980 /* Build configuration list for PBXNativeTarget "4673. 셀프 넘버" */ = {
			isa = XCConfigurationList;
			buildConfigurations = (
				81153D0C286633D400407980 /* Debug */,
				81153D0D286633D400407980 /* Release */,
			);
			defaultConfigurationIsVisible = 0;
			defaultConfigurationName = Release;
		};
		81153D16286654BA00407980 /* Build configuration list for PBXNativeTarget "1065. 한수" */ = {
			isa = XCConfigurationList;
			buildConfigurations = (
				81153D17286654BA00407980 /* Debug */,
				81153D18286654BA00407980 /* Release */,
			);
			defaultConfigurationIsVisible = 0;
			defaultConfigurationName = Release;
		};
		81168FE02862E46900C34FCF /* Build configuration list for PBXProject "BOJ" */ = {
			isa = XCConfigurationList;
			buildConfigurations = (
				81168FEA2862E46900C34FCF /* Debug */,
				81168FEB2862E46900C34FCF /* Release */,
			);
			defaultConfigurationIsVisible = 0;
			defaultConfigurationName = Release;
		};
		813C44C828675C9D00D840D5 /* Build configuration list for PBXNativeTarget "2581. 소수" */ = {
			isa = XCConfigurationList;
			buildConfigurations = (
				813C44C628675C9D00D840D5 /* Debug */,
				813C44C728675C9D00D840D5 /* Release */,
			);
			defaultConfigurationIsVisible = 0;
			defaultConfigurationName = Release;
		};
		813C44D328676B5600D840D5 /* Build configuration list for PBXNativeTarget "1929. 소수 구하기" */ = {
			isa = XCConfigurationList;
			buildConfigurations = (
				813C44D128676B5600D840D5 /* Debug */,
				813C44D228676B5600D840D5 /* Release */,
			);
			defaultConfigurationIsVisible = 0;
			defaultConfigurationName = Release;
		};
		813C44FF286AAFC100D840D5 /* Build configuration list for PBXNativeTarget "1316. 그룹 단어 체커" */ = {
			isa = XCConfigurationList;
			buildConfigurations = (
				813C44FD286AAFC100D840D5 /* Debug */,
				813C44FE286AAFC100D840D5 /* Release */,
			);
			defaultConfigurationIsVisible = 0;
			defaultConfigurationName = Release;
		};
		813C450A286AC82500D840D5 /* Build configuration list for PBXNativeTarget "4948. 베르트랑 공준" */ = {
			isa = XCConfigurationList;
			buildConfigurations = (
				813C4508286AC82500D840D5 /* Debug */,
				813C4509286AC82500D840D5 /* Release */,
			);
			defaultConfigurationIsVisible = 0;
			defaultConfigurationName = Release;
		};
		813C4515286AE4A200D840D5 /* Build configuration list for PBXNativeTarget "9020. 골드바흐의 추측" */ = {
			isa = XCConfigurationList;
			buildConfigurations = (
				813C4513286AE4A200D840D5 /* Debug */,
				813C4514286AE4A200D840D5 /* Release */,
			);
			defaultConfigurationIsVisible = 0;
			defaultConfigurationName = Release;
		};
		813C452B2873FCCC00D840D5 /* Build configuration list for PBXNativeTarget "2884. 알람 시계" */ = {
			isa = XCConfigurationList;
			buildConfigurations = (
				813C45292873FCCC00D840D5 /* Debug */,
				813C452A2873FCCC00D840D5 /* Release */,
			);
			defaultConfigurationIsVisible = 0;
			defaultConfigurationName = Release;
		};
		813C45362874029F00D840D5 /* Build configuration list for PBXNativeTarget "2798. 블랙잭" */ = {
			isa = XCConfigurationList;
			buildConfigurations = (
				813C45342874029F00D840D5 /* Debug */,
				813C45352874029F00D840D5 /* Release */,
			);
			defaultConfigurationIsVisible = 0;
			defaultConfigurationName = Release;
		};
		813C453F28740CC200D840D5 /* Build configuration list for PBXNativeTarget "2231. 분해합" */ = {
			isa = XCConfigurationList;
			buildConfigurations = (
				813C454028740CC200D840D5 /* Debug */,
				813C454128740CC200D840D5 /* Release */,
			);
			defaultConfigurationIsVisible = 0;
			defaultConfigurationName = Release;
		};
		813C454A2876FA4200D840D5 /* Build configuration list for PBXNativeTarget "10872. 팩토리얼" */ = {
			isa = XCConfigurationList;
			buildConfigurations = (
				813C454B2876FA4200D840D5 /* Debug */,
				813C454C2876FA4200D840D5 /* Release */,
			);
			defaultConfigurationIsVisible = 0;
			defaultConfigurationName = Release;
		};
		813C4555287702C200D840D5 /* Build configuration list for PBXNativeTarget "11729. 하노이 탑 이동 순서" */ = {
			isa = XCConfigurationList;
			buildConfigurations = (
				813C4556287702C200D840D5 /* Debug */,
				813C4557287702C200D840D5 /* Release */,
			);
			defaultConfigurationIsVisible = 0;
			defaultConfigurationName = Release;
		};
		815152042866BF5500F8C083 /* Build configuration list for PBXNativeTarget "1978. 소수 찾기" */ = {
			isa = XCConfigurationList;
			buildConfigurations = (
				815152022866BF5500F8C083 /* Debug */,
				815152032866BF5500F8C083 /* Release */,
			);
			defaultConfigurationIsVisible = 0;
			defaultConfigurationName = Release;
		};
		8151520F2866DF0000F8C083 /* Build configuration list for PBXNativeTarget "11653. 소인수분해" */ = {
			isa = XCConfigurationList;
			buildConfigurations = (
				8151520D2866DF0000F8C083 /* Debug */,
				8151520E2866DF0000F8C083 /* Release */,
			);
			defaultConfigurationIsVisible = 0;
			defaultConfigurationName = Release;
		};
/* End XCConfigurationList section */
	};
	rootObject = 81168FDD2862E46900C34FCF /* Project object */;
}
